
Microsoft Visual Studio Solution File, Format Version 12.00
# Visual Studio Version 16
VisualStudioVersion = 16.0.29519.87
MinimumVisualStudioVersion = 10.0.40219.1
Project("{FAE04EC0-301F-11D3-BF4B-00C04F79EFBC}") = "SPZ_SystemPerformanceViewer", "SPZ_SystemPerformanceViewer\SPZ_SystemPerformanceViewer.csproj", "{10276930-E8AA-4A14-A824-F5D3AA11BE00}"
EndProject
Global
	GlobalSection(SolutionConfigurationPlatforms) = preSolution
		Debug|Any CPU = Debug|Any CPU
		Release|Any CPU = Release|Any CPU
	EndGlobalSection
	GlobalSection(ProjectConfigurationPlatforms) = postSolution
		{10276930-E8AA-4A14-A824-F5D3AA11BE00}.Debug|Any CPU.ActiveCfg = Debug|Any CPU
		{10276930-E8AA-4A14-A824-F5D3AA11BE00}.Debug|Any CPU.Build.0 = Debug|Any CPU
		{10276930-E8AA-4A14-A824-F5D3AA11BE00}.Release|Any CPU.ActiveCfg = Release|Any CPU
		{10276930-E8AA-4A14-A824-F5D3AA11BE00}.Release|Any CPU.Build.0 = Release|Any CPU
	EndGlobalSection
	GlobalSection(SolutionProperties) = preSolution
		HideSolutionNode = FALSE
	EndGlobalSection
	GlobalSection(ExtensibilityGlobals) = postSolution
		SolutionGuid = {F3E73C1B-9937-4B50-9DA5-72814C4A8E7F}
	EndGlobalSection
EndGlobal
